// !$*UTF8*$!
{
	archiveVersion = 1;
	classes = {
	};
	objectVersion = 46;
	objects = {

/* Begin PBXBuildFile section */
		1E25B23F1856E29100DA8377 /* Foundation.framework in Frameworks */ = {isa = PBXBuildFile; fileRef = 1E25B23E1856E29100DA8377 /* Foundation.framework */; };
		1E25B2411856E29100DA8377 /* CoreGraphics.framework in Frameworks */ = {isa = PBXBuildFile; fileRef = 1E25B2401856E29100DA8377 /* CoreGraphics.framework */; };
		1E25B2431856E29100DA8377 /* UIKit.framework in Frameworks */ = {isa = PBXBuildFile; fileRef = 1E25B2421856E29100DA8377 /* UIKit.framework */; };
		1E25B2491856E29100DA8377 /* InfoPlist.strings in Resources */ = {isa = PBXBuildFile; fileRef = 1E25B2471856E29100DA8377 /* InfoPlist.strings */; };
		1E25B24B1856E29100DA8377 /* main.m in Sources */ = {isa = PBXBuildFile; fileRef = 1E25B24A1856E29100DA8377 /* main.m */; };
		1E25B24F1856E29100DA8377 /* HUAppDelegate.m in Sources */ = {isa = PBXBuildFile; fileRef = 1E25B24E1856E29100DA8377 /* HUAppDelegate.m */; };
		1E25B2511856E29100DA8377 /* Images.xcassets in Resources */ = {isa = PBXBuildFile; fileRef = 1E25B2501856E29100DA8377 /* Images.xcassets */; };
		1E25B2581856E29100DA8377 /* XCTest.framework in Frameworks */ = {isa = PBXBuildFile; fileRef = 1E25B2571856E29100DA8377 /* XCTest.framework */; };
		1E25B2591856E29100DA8377 /* Foundation.framework in Frameworks */ = {isa = PBXBuildFile; fileRef = 1E25B23E1856E29100DA8377 /* Foundation.framework */; };
		1E25B25A1856E29100DA8377 /* UIKit.framework in Frameworks */ = {isa = PBXBuildFile; fileRef = 1E25B2421856E29100DA8377 /* UIKit.framework */; };
		1E25B2621856E29100DA8377 /* InfoPlist.strings in Resources */ = {isa = PBXBuildFile; fileRef = 1E25B2601856E29100DA8377 /* InfoPlist.strings */; };
		1E25B2641856E29100DA8377 /* PowerHourTests.m in Sources */ = {isa = PBXBuildFile; fileRef = 1E25B2631856E29100DA8377 /* PowerHourTests.m */; };
		1E25B2701856E36000DA8377 /* PowerHour.storyboard in Resources */ = {isa = PBXBuildFile; fileRef = 1E25B26F1856E35F00DA8377 /* PowerHour.storyboard */; };
		1E25B2761856E7E200DA8377 /* HUPlaylistTableViewController.m in Sources */ = {isa = PBXBuildFile; fileRef = 1E25B2751856E7E200DA8377 /* HUPlaylistTableViewController.m */; };
		1E25B2781856E81300DA8377 /* MediaPlayer.framework in Frameworks */ = {isa = PBXBuildFile; fileRef = 1E25B2771856E81300DA8377 /* MediaPlayer.framework */; };
		1E25B27B1856ECD700DA8377 /* HUPlayerTableViewController.m in Sources */ = {isa = PBXBuildFile; fileRef = 1E25B27A1856ECD700DA8377 /* HUPlayerTableViewController.m */; };
		1E25B27E18577E7300DA8377 /* HUSongObject.m in Sources */ = {isa = PBXBuildFile; fileRef = 1E25B27D18577E7300DA8377 /* HUSongObject.m */; };
		1E25B28018583A6700DA8377 /* AudioToolbox.framework in Frameworks */ = {isa = PBXBuildFile; fileRef = 1E25B27F18583A6700DA8377 /* AudioToolbox.framework */; };
/* End PBXBuildFile section */

/* Begin PBXContainerItemProxy section */
		1E25B25B1856E29100DA8377 /* PBXContainerItemProxy */ = {
			isa = PBXContainerItemProxy;
			containerPortal = 1E25B2331856E29100DA8377 /* Project object */;
			proxyType = 1;
			remoteGlobalIDString = 1E25B23A1856E29100DA8377;
			remoteInfo = PowerHour;
		};
/* End PBXContainerItemProxy section */

/* Begin PBXFileReference section */
		1E25B23B1856E29100DA8377 /* PowerHour.app */ = {isa = PBXFileReference; explicitFileType = wrapper.application; includeInIndex = 0; path = PowerHour.app; sourceTree = BUILT_PRODUCTS_DIR; };
		1E25B23E1856E29100DA8377 /* Foundation.framework */ = {isa = PBXFileReference; lastKnownFileType = wrapper.framework; name = Foundation.framework; path = System/Library/Frameworks/Foundation.framework; sourceTree = SDKROOT; };
		1E25B2401856E29100DA8377 /* CoreGraphics.framework */ = {isa = PBXFileReference; lastKnownFileType = wrapper.framework; name = CoreGraphics.framework; path = System/Library/Frameworks/CoreGraphics.framework; sourceTree = SDKROOT; };
		1E25B2421856E29100DA8377 /* UIKit.framework */ = {isa = PBXFileReference; lastKnownFileType = wrapper.framework; name = UIKit.framework; path = System/Library/Frameworks/UIKit.framework; sourceTree = SDKROOT; };
		1E25B2461856E29100DA8377 /* PowerHour-Info.plist */ = {isa = PBXFileReference; lastKnownFileType = text.plist.xml; path = "PowerHour-Info.plist"; sourceTree = "<group>"; };
		1E25B2481856E29100DA8377 /* en */ = {isa = PBXFileReference; lastKnownFileType = text.plist.strings; name = en; path = en.lproj/InfoPlist.strings; sourceTree = "<group>"; };
		1E25B24A1856E29100DA8377 /* main.m */ = {isa = PBXFileReference; lastKnownFileType = sourcecode.c.objc; path = main.m; sourceTree = "<group>"; };
		1E25B24C1856E29100DA8377 /* PowerHour-Prefix.pch */ = {isa = PBXFileReference; lastKnownFileType = sourcecode.c.h; path = "PowerHour-Prefix.pch"; sourceTree = "<group>"; };
		1E25B24D1856E29100DA8377 /* HUAppDelegate.h */ = {isa = PBXFileReference; lastKnownFileType = sourcecode.c.h; path = HUAppDelegate.h; sourceTree = "<group>"; };
		1E25B24E1856E29100DA8377 /* HUAppDelegate.m */ = {isa = PBXFileReference; lastKnownFileType = sourcecode.c.objc; path = HUAppDelegate.m; sourceTree = "<group>"; };
		1E25B2501856E29100DA8377 /* Images.xcassets */ = {isa = PBXFileReference; lastKnownFileType = folder.assetcatalog; path = Images.xcassets; sourceTree = "<group>"; };
		1E25B2561856E29100DA8377 /* PowerHourTests.xctest */ = {isa = PBXFileReference; explicitFileType = wrapper.cfbundle; includeInIndex = 0; path = PowerHourTests.xctest; sourceTree = BUILT_PRODUCTS_DIR; };
		1E25B2571856E29100DA8377 /* XCTest.framework */ = {isa = PBXFileReference; lastKnownFileType = wrapper.framework; name = XCTest.framework; path = Library/Frameworks/XCTest.framework; sourceTree = DEVELOPER_DIR; };
		1E25B25F1856E29100DA8377 /* PowerHourTests-Info.plist */ = {isa = PBXFileReference; lastKnownFileType = text.plist.xml; path = "PowerHourTests-Info.plist"; sourceTree = "<group>"; };
		1E25B2611856E29100DA8377 /* en */ = {isa = PBXFileReference; lastKnownFileType = text.plist.strings; name = en; path = en.lproj/InfoPlist.strings; sourceTree = "<group>"; };
		1E25B2631856E29100DA8377 /* PowerHourTests.m */ = {isa = PBXFileReference; lastKnownFileType = sourcecode.c.objc; path = PowerHourTests.m; sourceTree = "<group>"; };
		1E25B26D1856E2CB00DA8377 /* AVFoundation.framework */ = {isa = PBXFileReference; lastKnownFileType = wrapper.framework; name = AVFoundation.framework; path = System/Library/Frameworks/AVFoundation.framework; sourceTree = SDKROOT; };
		1E25B26F1856E35F00DA8377 /* PowerHour.storyboard */ = {isa = PBXFileReference; fileEncoding = 4; lastKnownFileType = file.storyboard; path = PowerHour.storyboard; sourceTree = "<group>"; };
		1E25B2741856E7E200DA8377 /* HUPlaylistTableViewController.h */ = {isa = PBXFileReference; fileEncoding = 4; lastKnownFileType = sourcecode.c.h; path = HUPlaylistTableViewController.h; sourceTree = "<group>"; };
		1E25B2751856E7E200DA8377 /* HUPlaylistTableViewController.m */ = {isa = PBXFileReference; fileEncoding = 4; lastKnownFileType = sourcecode.c.objc; path = HUPlaylistTableViewController.m; sourceTree = "<group>"; };
		1E25B2771856E81300DA8377 /* MediaPlayer.framework */ = {isa = PBXFileReference; lastKnownFileType = wrapper.framework; name = MediaPlayer.framework; path = System/Library/Frameworks/MediaPlayer.framework; sourceTree = SDKROOT; };
		1E25B2791856ECD700DA8377 /* HUPlayerTableViewController.h */ = {isa = PBXFileReference; fileEncoding = 4; lastKnownFileType = sourcecode.c.h; path = HUPlayerTableViewController.h; sourceTree = "<group>"; };
		1E25B27A1856ECD700DA8377 /* HUPlayerTableViewController.m */ = {isa = PBXFileReference; fileEncoding = 4; lastKnownFileType = sourcecode.c.objc; path = HUPlayerTableViewController.m; sourceTree = "<group>"; };
		1E25B27C18577E7300DA8377 /* HUSongObject.h */ = {isa = PBXFileReference; fileEncoding = 4; lastKnownFileType = sourcecode.c.h; path = HUSongObject.h; sourceTree = "<group>"; };
		1E25B27D18577E7300DA8377 /* HUSongObject.m */ = {isa = PBXFileReference; fileEncoding = 4; lastKnownFileType = sourcecode.c.objc; path = HUSongObject.m; sourceTree = "<group>"; };
		1E25B27F18583A6700DA8377 /* AudioToolbox.framework */ = {isa = PBXFileReference; lastKnownFileType = wrapper.framework; name = AudioToolbox.framework; path = System/Library/Frameworks/AudioToolbox.framework; sourceTree = SDKROOT; };
/* End PBXFileReference section */

/* Begin PBXFrameworksBuildPhase section */
		1E25B2381856E29100DA8377 /* Frameworks */ = {
			isa = PBXFrameworksBuildPhase;
			buildActionMask = 2147483647;
			files = (
				1E25B28018583A6700DA8377 /* AudioToolbox.framework in Frameworks */,
				1E25B2781856E81300DA8377 /* MediaPlayer.framework in Frameworks */,
				1E25B2411856E29100DA8377 /* CoreGraphics.framework in Frameworks */,
				1E25B2431856E29100DA8377 /* UIKit.framework in Frameworks */,
				1E25B23F1856E29100DA8377 /* Foundation.framework in Frameworks */,
			);
			runOnlyForDeploymentPostprocessing = 0;
		};
		1E25B2531856E29100DA8377 /* Frameworks */ = {
			isa = PBXFrameworksBuildPhase;
			buildActionMask = 2147483647;
			files = (
				1E25B2581856E29100DA8377 /* XCTest.framework in Frameworks */,
				1E25B25A1856E29100DA8377 /* UIKit.framework in Frameworks */,
				1E25B2591856E29100DA8377 /* Foundation.framework in Frameworks */,
			);
			runOnlyForDeploymentPostprocessing = 0;
		};
/* End PBXFrameworksBuildPhase section */

/* Begin PBXGroup section */
		1E25B2321856E29100DA8377 = {
			isa = PBXGroup;
			children = (
				1E25B26F1856E35F00DA8377 /* PowerHour.storyboard */,
				1E25B2441856E29100DA8377 /* PowerHour */,
				1E25B25D1856E29100DA8377 /* PowerHourTests */,
				1E25B23D1856E29100DA8377 /* Frameworks */,
				1E25B23C1856E29100DA8377 /* Products */,
			);
			sourceTree = "<group>";
		};
		1E25B23C1856E29100DA8377 /* Products */ = {
			isa = PBXGroup;
			children = (
				1E25B23B1856E29100DA8377 /* PowerHour.app */,
				1E25B2561856E29100DA8377 /* PowerHourTests.xctest */,
			);
			name = Products;
			sourceTree = "<group>";
		};
		1E25B23D1856E29100DA8377 /* Frameworks */ = {
			isa = PBXGroup;
			children = (
				1E25B27F18583A6700DA8377 /* AudioToolbox.framework */,
				1E25B2771856E81300DA8377 /* MediaPlayer.framework */,
				1E25B26D1856E2CB00DA8377 /* AVFoundation.framework */,
				1E25B23E1856E29100DA8377 /* Foundation.framework */,
				1E25B2401856E29100DA8377 /* CoreGraphics.framework */,
				1E25B2421856E29100DA8377 /* UIKit.framework */,
				1E25B2571856E29100DA8377 /* XCTest.framework */,
			);
			name = Frameworks;
			sourceTree = "<group>";
		};
		1E25B2441856E29100DA8377 /* PowerHour */ = {
			isa = PBXGroup;
			children = (
				1E25B24D1856E29100DA8377 /* HUAppDelegate.h */,
				1E25B24E1856E29100DA8377 /* HUAppDelegate.m */,
				1E25B2501856E29100DA8377 /* Images.xcassets */,
				1E25B2451856E29100DA8377 /* Supporting Files */,
				1E25B2741856E7E200DA8377 /* HUPlaylistTableViewController.h */,
				1E25B2751856E7E200DA8377 /* HUPlaylistTableViewController.m */,
				1E25B2791856ECD700DA8377 /* HUPlayerTableViewController.h */,
				1E25B27A1856ECD700DA8377 /* HUPlayerTableViewController.m */,
			);
			path = PowerHour;
			sourceTree = "<group>";
		};
		1E25B2451856E29100DA8377 /* Supporting Files */ = {
			isa = PBXGroup;
			children = (
				1E25B2461856E29100DA8377 /* PowerHour-Info.plist */,
				1E25B2471856E29100DA8377 /* InfoPlist.strings */,
				1E25B24A1856E29100DA8377 /* main.m */,
				1E25B24C1856E29100DA8377 /* PowerHour-Prefix.pch */,
				1E25B27C18577E7300DA8377 /* HUSongObject.h */,
				1E25B27D18577E7300DA8377 /* HUSongObject.m */,
			);
			name = "Supporting Files";
			sourceTree = "<group>";
		};
		1E25B25D1856E29100DA8377 /* PowerHourTests */ = {
			isa = PBXGroup;
			children = (
				1E25B2631856E29100DA8377 /* PowerHourTests.m */,
				1E25B25E1856E29100DA8377 /* Supporting Files */,
			);
			path = PowerHourTests;
			sourceTree = "<group>";
		};
		1E25B25E1856E29100DA8377 /* Supporting Files */ = {
			isa = PBXGroup;
			children = (
				1E25B25F1856E29100DA8377 /* PowerHourTests-Info.plist */,
				1E25B2601856E29100DA8377 /* InfoPlist.strings */,
			);
			name = "Supporting Files";
			sourceTree = "<group>";
		};
/* End PBXGroup section */

/* Begin PBXNativeTarget section */
		1E25B23A1856E29100DA8377 /* PowerHour */ = {
			isa = PBXNativeTarget;
			buildConfigurationList = 1E25B2671856E29100DA8377 /* Build configuration list for PBXNativeTarget "PowerHour" */;
			buildPhases = (
				1E25B2371856E29100DA8377 /* Sources */,
				1E25B2381856E29100DA8377 /* Frameworks */,
				1E25B2391856E29100DA8377 /* Resources */,
			);
			buildRules = (
			);
			dependencies = (
			);
			name = PowerHour;
			productName = PowerHour;
			productReference = 1E25B23B1856E29100DA8377 /* PowerHour.app */;
			productType = "com.apple.product-type.application";
		};
		1E25B2551856E29100DA8377 /* PowerHourTests */ = {
			isa = PBXNativeTarget;
			buildConfigurationList = 1E25B26A1856E29100DA8377 /* Build configuration list for PBXNativeTarget "PowerHourTests" */;
			buildPhases = (
				1E25B2521856E29100DA8377 /* Sources */,
				1E25B2531856E29100DA8377 /* Frameworks */,
				1E25B2541856E29100DA8377 /* Resources */,
			);
			buildRules = (
			);
			dependencies = (
				1E25B25C1856E29100DA8377 /* PBXTargetDependency */,
			);
			name = PowerHourTests;
			productName = PowerHourTests;
			productReference = 1E25B2561856E29100DA8377 /* PowerHourTests.xctest */;
			productType = "com.apple.product-type.bundle.unit-test";
		};
/* End PBXNativeTarget section */

/* Begin PBXProject section */
		1E25B2331856E29100DA8377 /* Project object */ = {
			isa = PBXProject;
			attributes = {
				CLASSPREFIX = HU;
				LastUpgradeCheck = 0500;
				ORGANIZATIONNAME = Hugey;
				TargetAttributes = {
					1E25B2551856E29100DA8377 = {
						TestTargetID = 1E25B23A1856E29100DA8377;
					};
				};
			};
			buildConfigurationList = 1E25B2361856E29100DA8377 /* Build configuration list for PBXProject "PowerHour" */;
			compatibilityVersion = "Xcode 3.2";
			developmentRegion = English;
			hasScannedForEncodings = 0;
			knownRegions = (
				en,
			);
			mainGroup = 1E25B2321856E29100DA8377;
			productRefGroup = 1E25B23C1856E29100DA8377 /* Products */;
			projectDirPath = "";
			projectRoot = "";
			targets = (
				1E25B23A1856E29100DA8377 /* PowerHour */,
				1E25B2551856E29100DA8377 /* PowerHourTests */,
			);
		};
/* End PBXProject section */

/* Begin PBXResourcesBuildPhase section */
		1E25B2391856E29100DA8377 /* Resources */ = {
			isa = PBXResourcesBuildPhase;
			buildActionMask = 2147483647;
			files = (
				1E25B2701856E36000DA8377 /* PowerHour.storyboard in Resources */,
				1E25B2491856E29100DA8377 /* InfoPlist.strings in Resources */,
				1E25B2511856E29100DA8377 /* Images.xcassets in Resources */,
			);
			runOnlyForDeploymentPostprocessing = 0;
		};
		1E25B2541856E29100DA8377 /* Resources */ = {
			isa = PBXResourcesBuildPhase;
			buildActionMask = 2147483647;
			files = (
				1E25B2621856E29100DA8377 /* InfoPlist.strings in Resources */,
			);
			runOnlyForDeploymentPostprocessing = 0;
		};
/* End PBXResourcesBuildPhase section */

/* Begin PBXSourcesBuildPhase section */
		1E25B2371856E29100DA8377 /* Sources */ = {
			isa = PBXSourcesBuildPhase;
			buildActionMask = 2147483647;
			files = (
				1E25B24B1856E29100DA8377 /* main.m in Sources */,
				1E25B27B1856ECD700DA8377 /* HUPlayerTableViewController.m in Sources */,
				1E25B27E18577E7300DA8377 /* HUSongObject.m in Sources */,
				1E25B2761856E7E200DA8377 /* HUPlaylistTableViewController.m in Sources */,
				1E25B24F1856E29100DA8377 /* HUAppDelegate.m in Sources */,
			);
			runOnlyForDeploymentPostprocessing = 0;
		};
		1E25B2521856E29100DA8377 /* Sources */ = {
			isa = PBXSourcesBuildPhase;
			buildActionMask = 2147483647;
			files = (
				1E25B2641856E29100DA8377 /* PowerHourTests.m in Sources */,
			);
			runOnlyForDeploymentPostprocessing = 0;
		};
/* End PBXSourcesBuildPhase section */

/* Begin PBXTargetDependency section */
		1E25B25C1856E29100DA8377 /* PBXTargetDependency */ = {
			isa = PBXTargetDependency;
			target = 1E25B23A1856E29100DA8377 /* PowerHour */;
			targetProxy = 1E25B25B1856E29100DA8377 /* PBXContainerItemProxy */;
		};
/* End PBXTargetDependency section */

/* Begin PBXVariantGroup section */
		1E25B2471856E29100DA8377 /* InfoPlist.strings */ = {
			isa = PBXVariantGroup;
			children = (
				1E25B2481856E29100DA8377 /* en */,
			);
			name = InfoPlist.strings;
			sourceTree = "<group>";
		};
		1E25B2601856E29100DA8377 /* InfoPlist.strings */ = {
			isa = PBXVariantGroup;
			children = (
				1E25B2611856E29100DA8377 /* en */,
			);
			name = InfoPlist.strings;
			sourceTree = "<group>";
		};
/* End PBXVariantGroup section */

/* Begin XCBuildConfiguration section */
		1E25B2651856E29100DA8377 /* Debug */ = {
			isa = XCBuildConfiguration;
			buildSettings = {
				ALWAYS_SEARCH_USER_PATHS = NO;
				ARCHS = "$(ARCHS_STANDARD_INCLUDING_64_BIT)";
				CLANG_CXX_LANGUAGE_STANDARD = "gnu++0x";
				CLANG_CXX_LIBRARY = "libc++";
				CLANG_ENABLE_MODULES = YES;
				CLANG_ENABLE_OBJC_ARC = YES;
				CLANG_WARN_BOOL_CONVERSION = YES;
				CLANG_WARN_CONSTANT_CONVERSION = YES;
				CLANG_WARN_DIRECT_OBJC_ISA_USAGE = YES_ERROR;
				CLANG_WARN_EMPTY_BODY = YES;
				CLANG_WARN_ENUM_CONVERSION = YES;
				CLANG_WARN_INT_CONVERSION = YES;
				CLANG_WARN_OBJC_ROOT_CLASS = YES_ERROR;
				CLANG_WARN__DUPLICATE_METHOD_MATCH = YES;
				"CODE_SIGN_IDENTITY[sdk=iphoneos*]" = "iPhone Developer";
				COPY_PHASE_STRIP = NO;
				GCC_C_LANGUAGE_STANDARD = gnu99;
				GCC_DYNAMIC_NO_PIC = NO;
				GCC_OPTIMIZATION_LEVEL = 0;
				GCC_PREPROCESSOR_DEFINITIONS = (
					"DEBUG=1",
					"$(inherited)",
				);
				GCC_SYMBOLS_PRIVATE_EXTERN = NO;
				GCC_WARN_64_TO_32_BIT_CONVERSION = YES;
				GCC_WARN_ABOUT_RETURN_TYPE = YES_ERROR;
				GCC_WARN_UNDECLARED_SELECTOR = YES;
				GCC_WARN_UNINITIALIZED_AUTOS = YES;
				GCC_WARN_UNUSED_FUNCTION = YES;
				GCC_WARN_UNUSED_VARIABLE = YES;
				IPHONEOS_DEPLOYMENT_TARGET = 7.0;
				ONLY_ACTIVE_ARCH = YES;
				SDKROOT = iphoneos;
				TARGETED_DEVICE_FAMILY = "1,2";
			};
			name = Debug;
		};
		1E25B2661856E29100DA8377 /* Release */ = {
			isa = XCBuildConfiguration;
			buildSettings = {
				ALWAYS_SEARCH_USER_PATHS = NO;
				ARCHS = "$(ARCHS_STANDARD_INCLUDING_64_BIT)";
				CLANG_CXX_LANGUAGE_STANDARD = "gnu++0x";
				CLANG_CXX_LIBRARY = "libc++";
				CLANG_ENABLE_MODULES = YES;
				CLANG_ENABLE_OBJC_ARC = YES;
				CLANG_WARN_BOOL_CONVERSION = YES;
				CLANG_WARN_CONSTANT_CONVERSION = YES;
				CLANG_WARN_DIRECT_OBJC_ISA_USAGE = YES_ERROR;
				CLANG_WARN_EMPTY_BODY = YES;
				CLANG_WARN_ENUM_CONVERSION = YES;
				CLANG_WARN_INT_CONVERSION = YES;
				CLANG_WARN_OBJC_ROOT_CLASS = YES_ERROR;
				CLANG_WARN__DUPLICATE_METHOD_MATCH = YES;
				"CODE_SIGN_IDENTITY[sdk=iphoneos*]" = "iPhone Developer";
				COPY_PHASE_STRIP = YES;
				ENABLE_NS_ASSERTIONS = NO;
				GCC_C_LANGUAGE_STANDARD = gnu99;
				GCC_WARN_64_TO_32_BIT_CONVERSION = YES;
				GCC_WARN_ABOUT_RETURN_TYPE = YES_ERROR;
				GCC_WARN_UNDECLARED_SELECTOR = YES;
				GCC_WARN_UNINITIALIZED_AUTOS = YES;
				GCC_WARN_UNUSED_FUNCTION = YES;
				GCC_WARN_UNUSED_VARIABLE = YES;
				IPHONEOS_DEPLOYMENT_TARGET = 7.0;
				SDKROOT = iphoneos;
				TARGETED_DEVICE_FAMILY = "1,2";
				VALIDATE_PRODUCT = YES;
			};
			name = Release;
		};
		1E25B2681856E29100DA8377 /* Debug */ = {
			isa = XCBuildConfiguration;
			buildSettings = {
				ASSETCATALOG_COMPILER_APPICON_NAME = AppIcon;
				ASSETCATALOG_COMPILER_LAUNCHIMAGE_NAME = LaunchImage;
				GCC_PRECOMPILE_PREFIX_HEADER = YES;
				GCC_PREFIX_HEADER = "PowerHour/PowerHour-Prefix.pch";
				INFOPLIST_FILE = "PowerHour/PowerHour-Info.plist";
				PRODUCT_NAME = "$(TARGET_NAME)";
				WRAPPER_EXTENSION = app;
			};
			name = Debug;
		};
		1E25B2691856E29100DA8377 /* Release */ = {
			isa = XCBuildConfiguration;
			buildSettings = {
				ASSETCATALOG_COMPILER_APPICON_NAME = AppIcon;
				ASSETCATALOG_COMPILER_LAUNCHIMAGE_NAME = LaunchImage;
				GCC_PRECOMPILE_PREFIX_HEADER = YES;
				GCC_PREFIX_HEADER = "PowerHour/PowerHour-Prefix.pch";
				INFOPLIST_FILE = "PowerHour/PowerHour-Info.plist";
				PRODUCT_NAME = "$(TARGET_NAME)";
				WRAPPER_EXTENSION = app;
			};
			name = Release;
		};
		1E25B26B1856E29100DA8377 /* Debug */ = {
			isa = XCBuildConfiguration;
			buildSettings = {
				ARCHS = "$(ARCHS_STANDARD_INCLUDING_64_BIT)";
				BUNDLE_LOADER = "$(BUILT_PRODUCTS_DIR)/PowerHour.app/PowerHour";
				FRAMEWORK_SEARCH_PATHS = (
					"$(SDKROOT)/Developer/Library/Frameworks",
					"$(inherited)",
					"$(DEVELOPER_FRAMEWORKS_DIR)",
				);
				GCC_PRECOMPILE_PREFIX_HEADER = YES;
				GCC_PREFIX_HEADER = "PowerHour/PowerHour-Prefix.pch";
				GCC_PREPROCESSOR_DEFINITIONS = (
					"DEBUG=1",
					"$(inherited)",
				);
				INFOPLIST_FILE = "PowerHourTests/PowerHourTests-Info.plist";
				PRODUCT_NAME = "$(TARGET_NAME)";
				TEST_HOST = "$(BUNDLE_LOADER)";
				WRAPPER_EXTENSION = xctest;
			};
			name = Debug;
		};
		1E25B26C1856E29100DA8377 /* Release */ = {
			isa = XCBuildConfiguration;
			buildSettings = {
				ARCHS = "$(ARCHS_STANDARD_INCLUDING_64_BIT)";
				BUNDLE_LOADER = "$(BUILT_PRODUCTS_DIR)/PowerHour.app/PowerHour";
				FRAMEWORK_SEARCH_PATHS = (
					"$(SDKROOT)/Developer/Library/Frameworks",
					"$(inherited)",
					"$(DEVELOPER_FRAMEWORKS_DIR)",
				);
				GCC_PRECOMPILE_PREFIX_HEADER = YES;
				GCC_PREFIX_HEADER = "PowerHour/PowerHour-Prefix.pch";
				INFOPLIST_FILE = "PowerHourTests/PowerHourTests-Info.plist";
				PRODUCT_NAME = "$(TARGET_NAME)";
				TEST_HOST = "$(BUNDLE_LOADER)";
				WRAPPER_EXTENSION = xctest;
			};
			name = Release;
		};
/* End XCBuildConfiguration section */

/* Begin XCConfigurationList section */
		1E25B2361856E29100DA8377 /* Build configuration list for PBXProject "PowerHour" */ = {
			isa = XCConfigurationList;
			buildConfigurations = (
				1E25B2651856E29100DA8377 /* Debug */,
				1E25B2661856E29100DA8377 /* Release */,
			);
			defaultConfigurationIsVisible = 0;
			defaultConfigurationName = Release;
		};
		1E25B2671856E29100DA8377 /* Build configuration list for PBXNativeTarget "PowerHour" */ = {
			isa = XCConfigurationList;
			buildConfigurations = (
				1E25B2681856E29100DA8377 /* Debug */,
				1E25B2691856E29100DA8377 /* Release */,
			);
			defaultConfigurationIsVisible = 0;
		};
		1E25B26A1856E29100DA8377 /* Build configuration list for PBXNativeTarget "PowerHourTests" */ = {
			isa = XCConfigurationList;
			buildConfigurations = (
				1E25B26B1856E29100DA8377 /* Debug */,
				1E25B26C1856E29100DA8377 /* Release */,
			);
			defaultConfigurationIsVisible = 0;
		};
/* End XCConfigurationList section */
	};
	rootObject = 1E25B2331856E29100DA8377 /* Project object */;
}
